{
  "name": "tiger-soul-forms",
  "lockfileVersion": 3,
  "requires": true,
  "packages": {
    "": {
      "name": "tiger-soul-forms",
      "devDependencies": {
        "@cloudflare/workers-types": "latest",
        "typescript": "^5.6.0"
      }
    },
    "node_modules/@cloudflare/workers-types": {
      "version": "5.20261007.1",
      "resolved": "https://registry.npmjs.org/@cloudflare/workers-types/-/workers-types-5.20261007.1.tgz",
      "integrity": "sha512-NUzZ+p0tDFK6RXbJ/pa7sTG93y5zoK34gIV2PGvUMA+pwoKBBAeTlnvrLaQsDWswYW5gQA/b124+XZc0tn8Ihg==",
      "dev": true,
      "license": "MIT OR Apache-2.0"
    },
    "node_modules/typescript": {
      "version": "5.9.3",
      "resolved": "https://registry.npmjs.org/typescript/-/typescript-5.9.3.tgz",
      "integrity": "sha512-jl1vZzPDinLr9eUt3J/t7V6FgNEw9QjvBPdysz9KfQDD41fQrC2Y4vKQdiaUpFT4bXlb1RHhLpp8wtm6M5TgSw==",
      "dev": true,
      "license": "Apache-2.0",
      "bin": {
        "tsc": "bin/tsc",
        "tsserver": "bin/tsserver"
      },
      "engines": {
        "node": ">=14.17"
      }
    }
  }
}
